
Microsoft Visual Studio Solution File, Format Version 12.00
# Visual Studio 14
VisualStudioVersion = 14.0.25420.1
MinimumVisualStudioVersion = 10.0.40219.1
Project("{FAE04EC0-301F-11D3-BF4B-00C04F79EFBC}") = "Mathador", "Mathador\Mathador.csproj", "{A8494F73-9B72-482D-A594-DE0BC3796F4B}"
EndProject
Project("{FAE04EC0-301F-11D3-BF4B-00C04F79EFBC}") = "ConsoleApplication", "ConsoleApplication\ConsoleApplication.csproj", "{6A5F8755-4430-4105-A524-F15699A242D8}"
EndProject
Global
	GlobalSection(SolutionConfigurationPlatforms) = preSolution
		Debug|Any CPU = Debug|Any CPU
		Release|Any CPU = Release|Any CPU
	EndGlobalSection
	GlobalSection(ProjectConfigurationPlatforms) = postSolution
		{A8494F73-9B72-482D-A594-DE0BC3796F4B}.Debug|Any CPU.ActiveCfg = Debug|Any CPU
		{A8494F73-9B72-482D-A594-DE0BC3796F4B}.Debug|Any CPU.Build.0 = Debug|Any CPU
		{A8494F73-9B72-482D-A594-DE0BC3796F4B}.Release|Any CPU.ActiveCfg = Release|Any CPU
		{A8494F73-9B72-482D-A594-DE0BC3796F4B}.Release|Any CPU.Build.0 = Release|Any CPU
		{6A5F8755-4430-4105-A524-F15699A242D8}.Debug|Any CPU.ActiveCfg = Debug|Any CPU
		{6A5F8755-4430-4105-A524-F15699A242D8}.Debug|Any CPU.Build.0 = Debug|Any CPU
		{6A5F8755-4430-4105-A524-F15699A242D8}.Release|Any CPU.ActiveCfg = Release|Any CPU
		{6A5F8755-4430-4105-A524-F15699A242D8}.Release|Any CPU.Build.0 = Release|Any CPU
	EndGlobalSection
	GlobalSection(SolutionProperties) = preSolution
		HideSolutionNode = FALSE
	EndGlobalSection
EndGlobal
